
Microsoft Visual Studio Solution File, Format Version 12.00
# Visual Studio Version 17
VisualStudioVersion = 17.11.35208.52
MinimumVisualStudioVersion = 10.0.40219.1
Project("{9A19103F-16F7-4668-BE54-9A1E7A4F7556}") = "SimpleAlarmApp", "SimpleAlarmApp\SimpleAlarmApp.csproj", "{E6322DCD-13C7-4E77-9B29-C006ECB6E654}"
EndProject
Project("{FAE04EC0-301F-11D3-BF4B-00C04F79EFBC}") = "SimpleAlarmApp.Core", "SimpleAlarmApp.Core\SimpleAlarmApp.Core.csproj", "{DEB0B34E-0D85-4AAE-9E07-07D8373D5356}"
EndProject
Global
	GlobalSection(SolutionConfigurationPlatforms) = preSolution
		Debug|Any CPU = Debug|Any CPU
		Release|Any CPU = Release|Any CPU
	EndGlobalSection
	GlobalSection(ProjectConfigurationPlatforms) = postSolution
		{E6322DCD-13C7-4E77-9B29-C006ECB6E654}.Debug|Any CPU.ActiveCfg = Debug|Any CPU
		{E6322DCD-13C7-4E77-9B29-C006ECB6E654}.Debug|Any CPU.Build.0 = Debug|Any CPU
		{E6322DCD-13C7-4E77-9B29-C006ECB6E654}.Debug|Any CPU.Deploy.0 = Debug|Any CPU
		{E6322DCD-13C7-4E77-9B29-C006ECB6E654}.Release|Any CPU.ActiveCfg = Release|Any CPU
		{E6322DCD-13C7-4E77-9B29-C006ECB6E654}.Release|Any CPU.Build.0 = Release|Any CPU
		{E6322DCD-13C7-4E77-9B29-C006ECB6E654}.Release|Any CPU.Deploy.0 = Release|Any CPU
		{DEB0B34E-0D85-4AAE-9E07-07D8373D5356}.Debug|Any CPU.ActiveCfg = Debug|Any CPU
		{DEB0B34E-0D85-4AAE-9E07-07D8373D5356}.Debug|Any CPU.Build.0 = Debug|Any CPU
		{DEB0B34E-0D85-4AAE-9E07-07D8373D5356}.Release|Any CPU.ActiveCfg = Release|Any CPU
		{DEB0B34E-0D85-4AAE-9E07-07D8373D5356}.Release|Any CPU.Build.0 = Release|Any CPU
	EndGlobalSection
	GlobalSection(SolutionProperties) = preSolution
		HideSolutionNode = FALSE
	EndGlobalSection
	GlobalSection(ExtensibilityGlobals) = postSolution
		SolutionGuid = {3D21DE11-6F5D-4738-9082-A5105C8B8041}
	EndGlobalSection
EndGlobal
